
Microsoft Visual Studio Solution File, Format Version 12.00
# Visual Studio Version 16
Project("{8BC9CEB8-8B4A-11D0-8D11-00A0C91BC942}") = "ALL_BUILD", "ALL_BUILD.vcxproj", "{B1316314-5704-3A20-B1F1-28F23124F625}"
	ProjectSection(ProjectDependencies) = postProject
		{89EF3CEE-7046-3105-9F8B-B184C124B4E2} = {89EF3CEE-7046-3105-9F8B-B184C124B4E2}
		{7B1342A8-EE53-3264-A8F6-0ECFC66247C8} = {7B1342A8-EE53-3264-A8F6-0ECFC66247C8}
	EndProjectSection
EndProject
Project("{8BC9CEB8-8B4A-11D0-8D11-00A0C91BC942}") = "INSTALL", "INSTALL.vcxproj", "{48338940-DE9A-395F-858A-B43BE5995ED1}"
	ProjectSection(ProjectDependencies) = postProject
		{B1316314-5704-3A20-B1F1-28F23124F625} = {B1316314-5704-3A20-B1F1-28F23124F625}
		{89EF3CEE-7046-3105-9F8B-B184C124B4E2} = {89EF3CEE-7046-3105-9F8B-B184C124B4E2}
	EndProjectSection
EndProject
Project("{8BC9CEB8-8B4A-11D0-8D11-00A0C91BC942}") = "PACKAGE", "PACKAGE.vcxproj", "{EE1A9FFB-C520-3433-A2BF-A8434766DB14}"
	ProjectSection(ProjectDependencies) = postProject
		{B1316314-5704-3A20-B1F1-28F23124F625} = {B1316314-5704-3A20-B1F1-28F23124F625}
		{89EF3CEE-7046-3105-9F8B-B184C124B4E2} = {89EF3CEE-7046-3105-9F8B-B184C124B4E2}
	EndProjectSection
EndProject
Project("{8BC9CEB8-8B4A-11D0-8D11-00A0C91BC942}") = "ZERO_CHECK", "..\\ZERO_CHECK.vcxproj", "{89EF3CEE-7046-3105-9F8B-B184C124B4E2}"
	ProjectSection(ProjectDependencies) = postProject
	EndProjectSection
EndProject
Project("{8BC9CEB8-8B4A-11D0-8D11-00A0C91BC942}") = "example", "example.vcxproj", "{7B1342A8-EE53-3264-A8F6-0ECFC66247C8}"
	ProjectSection(ProjectDependencies) = postProject
		{89EF3CEE-7046-3105-9F8B-B184C124B4E2} = {89EF3CEE-7046-3105-9F8B-B184C124B4E2}
		{9BFCF0DF-AAEB-3F87-9E0A-9F47742B430A} = {9BFCF0DF-AAEB-3F87-9E0A-9F47742B430A}
	EndProjectSection
EndProject
Project("{8BC9CEB8-8B4A-11D0-8D11-00A0C91BC942}") = "spdlog", "..\\spdlog.vcxproj", "{9BFCF0DF-AAEB-3F87-9E0A-9F47742B430A}"
	ProjectSection(ProjectDependencies) = postProject
		{89EF3CEE-7046-3105-9F8B-B184C124B4E2} = {89EF3CEE-7046-3105-9F8B-B184C124B4E2}
	EndProjectSection
EndProject
Global
	GlobalSection(SolutionConfigurationPlatforms) = preSolution
		Debug|x64 = Debug|x64
		Release|x64 = Release|x64
		MinSizeRel|x64 = MinSizeRel|x64
		RelWithDebInfo|x64 = RelWithDebInfo|x64
	EndGlobalSection
	GlobalSection(ProjectConfigurationPlatforms) = postSolution
		{B1316314-5704-3A20-B1F1-28F23124F625}.Debug|x64.ActiveCfg = Debug|x64
		{B1316314-5704-3A20-B1F1-28F23124F625}.Debug|x64.Build.0 = Debug|x64
		{B1316314-5704-3A20-B1F1-28F23124F625}.Release|x64.ActiveCfg = Release|x64
		{B1316314-5704-3A20-B1F1-28F23124F625}.Release|x64.Build.0 = Release|x64
		{B1316314-5704-3A20-B1F1-28F23124F625}.MinSizeRel|x64.ActiveCfg = MinSizeRel|x64
		{B1316314-5704-3A20-B1F1-28F23124F625}.MinSizeRel|x64.Build.0 = MinSizeRel|x64
		{B1316314-5704-3A20-B1F1-28F23124F625}.RelWithDebInfo|x64.ActiveCfg = RelWithDebInfo|x64
		{B1316314-5704-3A20-B1F1-28F23124F625}.RelWithDebInfo|x64.Build.0 = RelWithDebInfo|x64
		{48338940-DE9A-395F-858A-B43BE5995ED1}.Debug|x64.ActiveCfg = Debug|x64
		{48338940-DE9A-395F-858A-B43BE5995ED1}.Release|x64.ActiveCfg = Release|x64
		{48338940-DE9A-395F-858A-B43BE5995ED1}.MinSizeRel|x64.ActiveCfg = MinSizeRel|x64
		{48338940-DE9A-395F-858A-B43BE5995ED1}.RelWithDebInfo|x64.ActiveCfg = RelWithDebInfo|x64
		{EE1A9FFB-C520-3433-A2BF-A8434766DB14}.Debug|x64.ActiveCfg = Debug|x64
		{EE1A9FFB-C520-3433-A2BF-A8434766DB14}.Release|x64.ActiveCfg = Release|x64
		{EE1A9FFB-C520-3433-A2BF-A8434766DB14}.MinSizeRel|x64.ActiveCfg = MinSizeRel|x64
		{EE1A9FFB-C520-3433-A2BF-A8434766DB14}.RelWithDebInfo|x64.ActiveCfg = RelWithDebInfo|x64
		{89EF3CEE-7046-3105-9F8B-B184C124B4E2}.Debug|x64.ActiveCfg = Debug|x64
		{89EF3CEE-7046-3105-9F8B-B184C124B4E2}.Debug|x64.Build.0 = Debug|x64
		{89EF3CEE-7046-3105-9F8B-B184C124B4E2}.Release|x64.ActiveCfg = Release|x64
		{89EF3CEE-7046-3105-9F8B-B184C124B4E2}.Release|x64.Build.0 = Release|x64
		{89EF3CEE-7046-3105-9F8B-B184C124B4E2}.MinSizeRel|x64.ActiveCfg = MinSizeRel|x64
		{89EF3CEE-7046-3105-9F8B-B184C124B4E2}.MinSizeRel|x64.Build.0 = MinSizeRel|x64
		{89EF3CEE-7046-3105-9F8B-B184C124B4E2}.RelWithDebInfo|x64.ActiveCfg = RelWithDebInfo|x64
		{89EF3CEE-7046-3105-9F8B-B184C124B4E2}.RelWithDebInfo|x64.Build.0 = RelWithDebInfo|x64
		{7B1342A8-EE53-3264-A8F6-0ECFC66247C8}.Debug|x64.ActiveCfg = Debug|x64
		{7B1342A8-EE53-3264-A8F6-0ECFC66247C8}.Debug|x64.Build.0 = Debug|x64
		{7B1342A8-EE53-3264-A8F6-0ECFC66247C8}.Release|x64.ActiveCfg = Release|x64
		{7B1342A8-EE53-3264-A8F6-0ECFC66247C8}.Release|x64.Build.0 = Release|x64
		{7B1342A8-EE53-3264-A8F6-0ECFC66247C8}.MinSizeRel|x64.ActiveCfg = MinSizeRel|x64
		{7B1342A8-EE53-3264-A8F6-0ECFC66247C8}.MinSizeRel|x64.Build.0 = MinSizeRel|x64
		{7B1342A8-EE53-3264-A8F6-0ECFC66247C8}.RelWithDebInfo|x64.ActiveCfg = RelWithDebInfo|x64
		{7B1342A8-EE53-3264-A8F6-0ECFC66247C8}.RelWithDebInfo|x64.Build.0 = RelWithDebInfo|x64
		{9BFCF0DF-AAEB-3F87-9E0A-9F47742B430A}.Debug|x64.ActiveCfg = Debug|x64
		{9BFCF0DF-AAEB-3F87-9E0A-9F47742B430A}.Debug|x64.Build.0 = Debug|x64
		{9BFCF0DF-AAEB-3F87-9E0A-9F47742B430A}.Release|x64.ActiveCfg = Release|x64
		{9BFCF0DF-AAEB-3F87-9E0A-9F47742B430A}.Release|x64.Build.0 = Release|x64
		{9BFCF0DF-AAEB-3F87-9E0A-9F47742B430A}.MinSizeRel|x64.ActiveCfg = MinSizeRel|x64
		{9BFCF0DF-AAEB-3F87-9E0A-9F47742B430A}.MinSizeRel|x64.Build.0 = MinSizeRel|x64
		{9BFCF0DF-AAEB-3F87-9E0A-9F47742B430A}.RelWithDebInfo|x64.ActiveCfg = RelWithDebInfo|x64
		{9BFCF0DF-AAEB-3F87-9E0A-9F47742B430A}.RelWithDebInfo|x64.Build.0 = RelWithDebInfo|x64
	EndGlobalSection
	GlobalSection(ExtensibilityGlobals) = postSolution
		SolutionGuid = {497BDD4C-7519-345A-902E-DC921A505C40}
	EndGlobalSection
	GlobalSection(ExtensibilityAddIns) = postSolution
	EndGlobalSection
EndGlobal
